
Microsoft Visual Studio Solution File, Format Version 12.00
# Visual Studio Version 17
VisualStudioVersion = 17.7.34031.279
MinimumVisualStudioVersion = 10.0.40219.1
Project("{FAE04EC0-301F-11D3-BF4B-00C04F79EFBC}") = "Monitoreo", "Monitoreo\Monitoreo.csproj", "{51A1C312-2BA5-432C-89F1-43E0451B857B}"
EndProject
Global
	GlobalSection(SolutionConfigurationPlatforms) = preSolution
		Debug|Any CPU = Debug|Any CPU
		Release|Any CPU = Release|Any CPU
	EndGlobalSection
	GlobalSection(ProjectConfigurationPlatforms) = postSolution
		{51A1C312-2BA5-432C-89F1-43E0451B857B}.Debug|Any CPU.ActiveCfg = Debug|Any CPU
		{51A1C312-2BA5-432C-89F1-43E0451B857B}.Debug|Any CPU.Build.0 = Debug|Any CPU
		{51A1C312-2BA5-432C-89F1-43E0451B857B}.Release|Any CPU.ActiveCfg = Release|Any CPU
		{51A1C312-2BA5-432C-89F1-43E0451B857B}.Release|Any CPU.Build.0 = Release|Any CPU
	EndGlobalSection
	GlobalSection(SolutionProperties) = preSolution
		HideSolutionNode = FALSE
	EndGlobalSection
	GlobalSection(ExtensibilityGlobals) = postSolution
		SolutionGuid = {177B5C04-B943-44B3-8447-5FF0CA160DE6}
	EndGlobalSection
EndGlobal
